github.com/nomospace/baby-naming v1.0.1 h1:GDM150oH45vbcsntSb2kndL32u8x8x1jayG6AoqCbDU=
github.com/nomospace/baby-naming v1.0.1/go.mod h1:xTNZCg9ob3xK+4wYn5w0v5AbgQHLPamPRsSqV6bTyEs=
github.com/nomospace/baby-naming/v2 v2.0.3 h1:IYneoOQZwmfe0msCupRdY2QmeAqUZzi/Wtrq+bNIMsA=
github.com/nomospace/baby-naming/v2 v2.0.3/go.mod h1:TReXi6FF7A75dfm6uXpR0NcM63bbN3WCyx9WuCtmJUc=
github.com/nomospace/baby-naming/v3 v3.0.1 h1:1gQZ/8ogclCh5fKwtA3h3DlkWUiCkNUn/b3/FXaSKv8=
github.com/nomospace/baby-naming/v3 v3.0.1/go.mod h1:6s65kyE1ffZtabWAHgJd2wGhXikHC54WgeiojOIdDLs=
